
Microsoft Visual Studio Solution File, Format Version 12.00
# Visual Studio 15
VisualStudioVersion = 15.0.27004.2009
MinimumVisualStudioVersion = 10.0.40219.1
Project("{8BC9CEB8-8B4A-11D0-8D11-00A0C91BC942}") = "블렌딩", "실습29.vcxproj", "{BA5F0F10-B5F4-4888-BAAF-B5063B6C1882}"
EndProject
Global
	GlobalSection(SolutionConfigurationPlatforms) = preSolution
		Debug|x64 = Debug|x64
		Debug|x86 = Debug|x86
		Release|x64 = Release|x64
		Release|x86 = Release|x86
	EndGlobalSection
	GlobalSection(ProjectConfigurationPlatforms) = postSolution
		{BA5F0F10-B5F4-4888-BAAF-B5063B6C1882}.Debug|x64.ActiveCfg = Debug|x64
		{BA5F0F10-B5F4-4888-BAAF-B5063B6C1882}.Debug|x64.Build.0 = Debug|x64
		{BA5F0F10-B5F4-4888-BAAF-B5063B6C1882}.Debug|x86.ActiveCfg = Debug|Win32
		{BA5F0F10-B5F4-4888-BAAF-B5063B6C1882}.Debug|x86.Build.0 = Debug|Win32
		{BA5F0F10-B5F4-4888-BAAF-B5063B6C1882}.Release|x64.ActiveCfg = Release|x64
		{BA5F0F10-B5F4-4888-BAAF-B5063B6C1882}.Release|x64.Build.0 = Release|x64
		{BA5F0F10-B5F4-4888-BAAF-B5063B6C1882}.Release|x86.ActiveCfg = Release|Win32
		{BA5F0F10-B5F4-4888-BAAF-B5063B6C1882}.Release|x86.Build.0 = Release|Win32
	EndGlobalSection
	GlobalSection(SolutionProperties) = preSolution
		HideSolutionNode = FALSE
	EndGlobalSection
	GlobalSection(ExtensibilityGlobals) = postSolution
		SolutionGuid = {1AC0AAEA-3C72-4D64-AAB3-6BF2BF703F89}
	EndGlobalSection
EndGlobal
